
Microsoft Visual Studio Solution File, Format Version 12.00
# Visual Studio Version 17
VisualStudioVersion = 17.0.31611.283
MinimumVisualStudioVersion = 10.0.40219.1
Project("{9A19103F-16F7-4668-BE54-9A1E7A4F7556}") = "Pitch1-0", "Pitch1-0.csproj", "{16EE69CF-21A7-41DF-8EE1-A6006AD6BCD8}"
EndProject
Global
	GlobalSection(SolutionConfigurationPlatforms) = preSolution
		Debug|Any CPU = Debug|Any CPU
		Release|Any CPU = Release|Any CPU
	EndGlobalSection
	GlobalSection(ProjectConfigurationPlatforms) = postSolution
		{16EE69CF-21A7-41DF-8EE1-A6006AD6BCD8}.Debug|Any CPU.ActiveCfg = Debug|Any CPU
		{16EE69CF-21A7-41DF-8EE1-A6006AD6BCD8}.Debug|Any CPU.Build.0 = Debug|Any CPU
		{16EE69CF-21A7-41DF-8EE1-A6006AD6BCD8}.Debug|Any CPU.Deploy.0 = Debug|Any CPU
		{16EE69CF-21A7-41DF-8EE1-A6006AD6BCD8}.Release|Any CPU.ActiveCfg = Release|Any CPU
		{16EE69CF-21A7-41DF-8EE1-A6006AD6BCD8}.Release|Any CPU.Build.0 = Release|Any CPU
		{16EE69CF-21A7-41DF-8EE1-A6006AD6BCD8}.Release|Any CPU.Deploy.0 = Release|Any CPU
	EndGlobalSection
	GlobalSection(SolutionProperties) = preSolution
		HideSolutionNode = FALSE
	EndGlobalSection
	GlobalSection(ExtensibilityGlobals) = postSolution
		SolutionGuid = {61F7FB11-1E47-470C-91E2-47F8143E1572}
	EndGlobalSection
EndGlobal
