
Microsoft Visual Studio Solution File, Format Version 12.00
# Visual Studio Version 17
VisualStudioVersion = 17.0.31611.283
MinimumVisualStudioVersion = 10.0.40219.1
Project("{9A19103F-16F7-4668-BE54-9A1E7A4F7556}") = "seeds1", "seeds1\seeds1.csproj", "{FB294A94-75B5-4D71-ADA4-9E622E0167B0}"
EndProject
Project("{9A19103F-16F7-4668-BE54-9A1E7A4F7556}") = "seeds.Dal", "seeds.Dal\seeds.Dal.csproj", "{8F89BD20-8007-4698-8E44-3F6B9D01BF48}"
EndProject
Project("{9A19103F-16F7-4668-BE54-9A1E7A4F7556}") = "seeds.Api", "seeds.Api\seeds.Api.csproj", "{C40506E9-CE9E-43AE-8F8E-381586D23474}"
EndProject
Project("{9A19103F-16F7-4668-BE54-9A1E7A4F7556}") = "seeds.Api.Tests", "seeds.Api.Tests\seeds.Api.Tests.csproj", "{01CD1B3E-681F-4F1F-96D1-F787A4B946CE}"
EndProject
Project("{9A19103F-16F7-4668-BE54-9A1E7A4F7556}") = "seeds.Dal.Tests", "seeds.Dal.Tests\seeds.Dal.Tests.csproj", "{9D4A1FEC-E508-453A-BC2A-70CB18824F68}"
EndProject
Project("{9A19103F-16F7-4668-BE54-9A1E7A4F7556}") = "seeds1.Tests", "seeds1.Tests\seeds1.Tests.csproj", "{BCC66BAB-339C-4A62-B715-1305FB7387CD}"
EndProject
Project("{9A19103F-16F7-4668-BE54-9A1E7A4F7556}") = "MdConverter", "MdConverter\MdConverter.csproj", "{BEECCA84-5BF3-4A4A-ADC2-48E0FAAA44E4}"
EndProject
Global
	GlobalSection(SolutionConfigurationPlatforms) = preSolution
		Debug|Any CPU = Debug|Any CPU
		Release|Any CPU = Release|Any CPU
	EndGlobalSection
	GlobalSection(ProjectConfigurationPlatforms) = postSolution
		{FB294A94-75B5-4D71-ADA4-9E622E0167B0}.Debug|Any CPU.ActiveCfg = Debug|Any CPU
		{FB294A94-75B5-4D71-ADA4-9E622E0167B0}.Debug|Any CPU.Build.0 = Debug|Any CPU
		{FB294A94-75B5-4D71-ADA4-9E622E0167B0}.Debug|Any CPU.Deploy.0 = Debug|Any CPU
		{FB294A94-75B5-4D71-ADA4-9E622E0167B0}.Release|Any CPU.ActiveCfg = Release|Any CPU
		{FB294A94-75B5-4D71-ADA4-9E622E0167B0}.Release|Any CPU.Build.0 = Release|Any CPU
		{FB294A94-75B5-4D71-ADA4-9E622E0167B0}.Release|Any CPU.Deploy.0 = Release|Any CPU
		{8F89BD20-8007-4698-8E44-3F6B9D01BF48}.Debug|Any CPU.ActiveCfg = Debug|Any CPU
		{8F89BD20-8007-4698-8E44-3F6B9D01BF48}.Debug|Any CPU.Build.0 = Debug|Any CPU
		{8F89BD20-8007-4698-8E44-3F6B9D01BF48}.Release|Any CPU.ActiveCfg = Release|Any CPU
		{8F89BD20-8007-4698-8E44-3F6B9D01BF48}.Release|Any CPU.Build.0 = Release|Any CPU
		{C40506E9-CE9E-43AE-8F8E-381586D23474}.Debug|Any CPU.ActiveCfg = Debug|Any CPU
		{C40506E9-CE9E-43AE-8F8E-381586D23474}.Debug|Any CPU.Build.0 = Debug|Any CPU
		{C40506E9-CE9E-43AE-8F8E-381586D23474}.Release|Any CPU.ActiveCfg = Release|Any CPU
		{C40506E9-CE9E-43AE-8F8E-381586D23474}.Release|Any CPU.Build.0 = Release|Any CPU
		{01CD1B3E-681F-4F1F-96D1-F787A4B946CE}.Debug|Any CPU.ActiveCfg = Debug|Any CPU
		{01CD1B3E-681F-4F1F-96D1-F787A4B946CE}.Debug|Any CPU.Build.0 = Debug|Any CPU
		{01CD1B3E-681F-4F1F-96D1-F787A4B946CE}.Release|Any CPU.ActiveCfg = Release|Any CPU
		{01CD1B3E-681F-4F1F-96D1-F787A4B946CE}.Release|Any CPU.Build.0 = Release|Any CPU
		{9D4A1FEC-E508-453A-BC2A-70CB18824F68}.Debug|Any CPU.ActiveCfg = Debug|Any CPU
		{9D4A1FEC-E508-453A-BC2A-70CB18824F68}.Debug|Any CPU.Build.0 = Debug|Any CPU
		{9D4A1FEC-E508-453A-BC2A-70CB18824F68}.Release|Any CPU.ActiveCfg = Release|Any CPU
		{9D4A1FEC-E508-453A-BC2A-70CB18824F68}.Release|Any CPU.Build.0 = Release|Any CPU
		{BCC66BAB-339C-4A62-B715-1305FB7387CD}.Debug|Any CPU.ActiveCfg = Debug|Any CPU
		{BCC66BAB-339C-4A62-B715-1305FB7387CD}.Debug|Any CPU.Build.0 = Debug|Any CPU
		{BCC66BAB-339C-4A62-B715-1305FB7387CD}.Release|Any CPU.ActiveCfg = Release|Any CPU
		{BCC66BAB-339C-4A62-B715-1305FB7387CD}.Release|Any CPU.Build.0 = Release|Any CPU
		{BEECCA84-5BF3-4A4A-ADC2-48E0FAAA44E4}.Debug|Any CPU.ActiveCfg = Debug|Any CPU
		{BEECCA84-5BF3-4A4A-ADC2-48E0FAAA44E4}.Debug|Any CPU.Build.0 = Debug|Any CPU
		{BEECCA84-5BF3-4A4A-ADC2-48E0FAAA44E4}.Release|Any CPU.ActiveCfg = Release|Any CPU
		{BEECCA84-5BF3-4A4A-ADC2-48E0FAAA44E4}.Release|Any CPU.Build.0 = Release|Any CPU
	EndGlobalSection
	GlobalSection(SolutionProperties) = preSolution
		HideSolutionNode = FALSE
	EndGlobalSection
	GlobalSection(ExtensibilityGlobals) = postSolution
		SolutionGuid = {61F7FB11-1E47-470C-91E2-47F8143E1572}
	EndGlobalSection
EndGlobal
